
Microsoft Visual Studio Solution File, Format Version 12.00
# Visual Studio Version 17
VisualStudioVersion = 17.10.35122.118
MinimumVisualStudioVersion = 10.0.40219.1
Project("{FAE04EC0-301F-11D3-BF4B-00C04F79EFBC}") = "Flappy Ball", "Flappy Ball\Flappy Ball.csproj", "{B8690D06-7ACA-47EE-ACBB-E46C6ADC84DD}"
EndProject
Global
	GlobalSection(SolutionConfigurationPlatforms) = preSolution
		Debug|Any CPU = Debug|Any CPU
		Release|Any CPU = Release|Any CPU
	EndGlobalSection
	GlobalSection(ProjectConfigurationPlatforms) = postSolution
		{B8690D06-7ACA-47EE-ACBB-E46C6ADC84DD}.Debug|Any CPU.ActiveCfg = Debug|Any CPU
		{B8690D06-7ACA-47EE-ACBB-E46C6ADC84DD}.Debug|Any CPU.Build.0 = Debug|Any CPU
		{B8690D06-7ACA-47EE-ACBB-E46C6ADC84DD}.Release|Any CPU.ActiveCfg = Release|Any CPU
		{B8690D06-7ACA-47EE-ACBB-E46C6ADC84DD}.Release|Any CPU.Build.0 = Release|Any CPU
	EndGlobalSection
	GlobalSection(SolutionProperties) = preSolution
		HideSolutionNode = FALSE
	EndGlobalSection
	GlobalSection(ExtensibilityGlobals) = postSolution
		SolutionGuid = {B07C3D44-7BE8-49B3-B3E3-11C052FBA24C}
	EndGlobalSection
EndGlobal
